
Microsoft Visual Studio Solution File, Format Version 12.00
# Visual Studio Version 16
VisualStudioVersion = 16.0.30002.166
MinimumVisualStudioVersion = 10.0.40219.1
Project("{FAE04EC0-301F-11D3-BF4B-00C04F79EFBC}") = "controller", "controller\controller.csproj", "{449F9DF2-3DED-403B-B2EE-F6AAFC2FE408}"
EndProject
Global
	GlobalSection(SolutionConfigurationPlatforms) = preSolution
		Debug|Any CPU = Debug|Any CPU
		Release|Any CPU = Release|Any CPU
	EndGlobalSection
	GlobalSection(ProjectConfigurationPlatforms) = postSolution
		{449F9DF2-3DED-403B-B2EE-F6AAFC2FE408}.Debug|Any CPU.ActiveCfg = Debug|Any CPU
		{449F9DF2-3DED-403B-B2EE-F6AAFC2FE408}.Debug|Any CPU.Build.0 = Debug|Any CPU
		{449F9DF2-3DED-403B-B2EE-F6AAFC2FE408}.Release|Any CPU.ActiveCfg = Release|Any CPU
		{449F9DF2-3DED-403B-B2EE-F6AAFC2FE408}.Release|Any CPU.Build.0 = Release|Any CPU
	EndGlobalSection
	GlobalSection(SolutionProperties) = preSolution
		HideSolutionNode = FALSE
	EndGlobalSection
	GlobalSection(ExtensibilityGlobals) = postSolution
		SolutionGuid = {B3F31FDD-D06F-4977-949D-ADC5C7498697}
	EndGlobalSection
EndGlobal
